
Microsoft Visual Studio Solution File, Format Version 12.00
# Visual Studio Version 17
VisualStudioVersion = 17.3.32901.215
MinimumVisualStudioVersion = 10.0.40219.1
Project("{9A19103F-16F7-4668-BE54-9A1E7A4F7556}") = "Opdracht5", "Opdracht5.csproj", "{E0687336-D047-455B-A42B-DD3B37252C3A}"
EndProject
Project("{FAE04EC0-301F-11D3-BF4B-00C04F79EFBC}") = "Oefening22", "..\Oefening22\Oefening22.csproj", "{5C62A077-2172-42B5-9EBE-B002B7118D14}"
EndProject
Project("{FAE04EC0-301F-11D3-BF4B-00C04F79EFBC}") = "Oefening1", "..\Oefening1\Oefening1.csproj", "{5809BC1D-A3A9-4C81-B98F-B553E48DDE8C}"
EndProject
Project("{FAE04EC0-301F-11D3-BF4B-00C04F79EFBC}") = "Oefening3", "..\Oefening3\Oefening3.csproj", "{93D8C4E5-850D-442C-97D2-C928CFB28431}"
EndProject
Global
	GlobalSection(SolutionConfigurationPlatforms) = preSolution
		Debug|Any CPU = Debug|Any CPU
		Release|Any CPU = Release|Any CPU
	EndGlobalSection
	GlobalSection(ProjectConfigurationPlatforms) = postSolution
		{E0687336-D047-455B-A42B-DD3B37252C3A}.Debug|Any CPU.ActiveCfg = Debug|Any CPU
		{E0687336-D047-455B-A42B-DD3B37252C3A}.Debug|Any CPU.Build.0 = Debug|Any CPU
		{E0687336-D047-455B-A42B-DD3B37252C3A}.Release|Any CPU.ActiveCfg = Release|Any CPU
		{E0687336-D047-455B-A42B-DD3B37252C3A}.Release|Any CPU.Build.0 = Release|Any CPU
		{5C62A077-2172-42B5-9EBE-B002B7118D14}.Debug|Any CPU.ActiveCfg = Debug|Any CPU
		{5C62A077-2172-42B5-9EBE-B002B7118D14}.Debug|Any CPU.Build.0 = Debug|Any CPU
		{5C62A077-2172-42B5-9EBE-B002B7118D14}.Release|Any CPU.ActiveCfg = Release|Any CPU
		{5C62A077-2172-42B5-9EBE-B002B7118D14}.Release|Any CPU.Build.0 = Release|Any CPU
		{5809BC1D-A3A9-4C81-B98F-B553E48DDE8C}.Debug|Any CPU.ActiveCfg = Debug|Any CPU
		{5809BC1D-A3A9-4C81-B98F-B553E48DDE8C}.Debug|Any CPU.Build.0 = Debug|Any CPU
		{5809BC1D-A3A9-4C81-B98F-B553E48DDE8C}.Release|Any CPU.ActiveCfg = Release|Any CPU
		{5809BC1D-A3A9-4C81-B98F-B553E48DDE8C}.Release|Any CPU.Build.0 = Release|Any CPU
		{93D8C4E5-850D-442C-97D2-C928CFB28431}.Debug|Any CPU.ActiveCfg = Debug|Any CPU
		{93D8C4E5-850D-442C-97D2-C928CFB28431}.Debug|Any CPU.Build.0 = Debug|Any CPU
		{93D8C4E5-850D-442C-97D2-C928CFB28431}.Release|Any CPU.ActiveCfg = Release|Any CPU
		{93D8C4E5-850D-442C-97D2-C928CFB28431}.Release|Any CPU.Build.0 = Release|Any CPU
	EndGlobalSection
	GlobalSection(SolutionProperties) = preSolution
		HideSolutionNode = FALSE
	EndGlobalSection
	GlobalSection(ExtensibilityGlobals) = postSolution
		SolutionGuid = {6FD5439B-DB7A-47AD-B9EC-EC8BACF8B292}
	EndGlobalSection
EndGlobal
